
Microsoft Visual Studio Solution File, Format Version 12.00
# Visual Studio Version 16
VisualStudioVersion = 16.0.29509.3
MinimumVisualStudioVersion = 10.0.40219.1
Project("{FAE04EC0-301F-11D3-BF4B-00C04F79EFBC}") = "Variables", "Variables\Variables.csproj", "{B79671E2-5ECA-40C3-9436-5489E4DBE92C}"
EndProject
Global
	GlobalSection(SolutionConfigurationPlatforms) = preSolution
		Debug|Any CPU = Debug|Any CPU
		Release|Any CPU = Release|Any CPU
	EndGlobalSection
	GlobalSection(ProjectConfigurationPlatforms) = postSolution
		{B79671E2-5ECA-40C3-9436-5489E4DBE92C}.Debug|Any CPU.ActiveCfg = Debug|Any CPU
		{B79671E2-5ECA-40C3-9436-5489E4DBE92C}.Debug|Any CPU.Build.0 = Debug|Any CPU
		{B79671E2-5ECA-40C3-9436-5489E4DBE92C}.Release|Any CPU.ActiveCfg = Release|Any CPU
		{B79671E2-5ECA-40C3-9436-5489E4DBE92C}.Release|Any CPU.Build.0 = Release|Any CPU
	EndGlobalSection
	GlobalSection(SolutionProperties) = preSolution
		HideSolutionNode = FALSE
	EndGlobalSection
	GlobalSection(ExtensibilityGlobals) = postSolution
		SolutionGuid = {4460DE0F-4A12-441F-AE62-EC48174D2F01}
	EndGlobalSection
EndGlobal
